
Microsoft Visual Studio Solution File, Format Version 12.00
# Visual Studio 15
VisualStudioVersion = 15.0.26730.10
MinimumVisualStudioVersion = 10.0.40219.1
Project("{9A19103F-16F7-4668-BE54-9A1E7A4F7556}") = "Trafi.BigQuerier", "Trafi.BigQuerier\Trafi.BigQuerier.csproj", "{05E7AFDD-BE2C-411D-9F67-FD1FEF341675}"
EndProject
Project("{9A19103F-16F7-4668-BE54-9A1E7A4F7556}") = "Trafi.BigQuerier.Tests", "Trafi.BigQuerier.Tests\Trafi.BigQuerier.Tests.csproj", "{7495EAE0-0528-4ECB-B370-B6B8AE78A812}"
EndProject
Global
	GlobalSection(SolutionConfigurationPlatforms) = preSolution
		Debug|Any CPU = Debug|Any CPU
		Release|Any CPU = Release|Any CPU
	EndGlobalSection
	GlobalSection(ProjectConfigurationPlatforms) = postSolution
		{05E7AFDD-BE2C-411D-9F67-FD1FEF341675}.Debug|Any CPU.ActiveCfg = Debug|Any CPU
		{05E7AFDD-BE2C-411D-9F67-FD1FEF341675}.Debug|Any CPU.Build.0 = Debug|Any CPU
		{05E7AFDD-BE2C-411D-9F67-FD1FEF341675}.Release|Any CPU.ActiveCfg = Release|Any CPU
		{05E7AFDD-BE2C-411D-9F67-FD1FEF341675}.Release|Any CPU.Build.0 = Release|Any CPU
		{7495EAE0-0528-4ECB-B370-B6B8AE78A812}.Debug|Any CPU.ActiveCfg = Debug|Any CPU
		{7495EAE0-0528-4ECB-B370-B6B8AE78A812}.Debug|Any CPU.Build.0 = Debug|Any CPU
		{7495EAE0-0528-4ECB-B370-B6B8AE78A812}.Release|Any CPU.ActiveCfg = Release|Any CPU
		{7495EAE0-0528-4ECB-B370-B6B8AE78A812}.Release|Any CPU.Build.0 = Release|Any CPU
	EndGlobalSection
	GlobalSection(SolutionProperties) = preSolution
		HideSolutionNode = FALSE
	EndGlobalSection
	GlobalSection(ExtensibilityGlobals) = postSolution
		SolutionGuid = {143BCAC1-893E-4E11-BA4B-85150CEC0725}
	EndGlobalSection
EndGlobal
